# This file is autogenerated, do not edit; changes may be undone by the next 'dep ensure'.


[[projects]]
  branch = "2.x"
  digest = "1:f198c9213547e59cb10260bf9c3c1bf6e760298ef5268e1f980d950e0d317880"
  name = "github.com/Masterminds/semver"
  packages = ["."]
  pruneopts = "NT"
  revision = "3c92f33da7a84de8314f3ff82e5f919b89fd1492"

[[projects]]
  digest = "1:43e3179235895fe92135ab152876c60c1eb4e13c4a9d70edf30e13150fc93528"
  name = "github.com/Masterminds/vcs"
  packages = ["."]
  pruneopts = "NT"
  revision = "6f1c6d150500e452704e9863f68c2559f58616bf"
  version = "v1.12.0"

[[projects]]
  digest = "1:e5ca3dcabf1452b51be600af6e2ce0a93a94978ae231af802cf9736bdbd835cb"
  name = "github.com/armon/go-radix"
  packages = ["."]
  pruneopts = "NT"
  revision = "1a2de0c21c94309923825da3df33a4381872c795"
  version = "v1.0.0"

[[projects]]
  digest = "1:a6fb6de70b83dc81b287541548d1cbca84fd548d18fba97a3d3ed148451d6624"
  name = "github.com/boltdb/bolt"
  packages = ["."]
  pruneopts = "NT"
  revision = "2f1ce7a837dcb8da3ec595b1dac9d0632f0f99e8"
  version = "v1.3.1"

[[projects]]
  digest = "1:4b8b5811da6970495e04d1f4e98bb89518cc3cfc3b3f456bdb876ed7b6c74049"
  name = "github.com/davecgh/go-spew"
  packages = ["spew"]
  pruneopts = "NT"
  revision = "8991bc29aa16c548c550c7ff78260e27b9ab7c73"
  version = "v1.1.1"

[[projects]]
  digest = "1:52ec55889de2c93a772ceba253313c12f65444aac61a11182d4d119ef97479e8"
  name = "github.com/fatih/structs"
  packages = ["."]
  pruneopts = "NT"
  revision = "a720dfa8df582c51dee1b36feabb906bde1588bd"
  version = "v1.0"

[[projects]]
  branch = "master"
  digest = "1:23edf5aaca7a1f15d68215ac41595c0732152757e9d7b3f282821222784049f1"
  name = "github.com/gin-contrib/sse"
  packages = ["."]
  pruneopts = "NT"
  revision = "22d885f9ecc78bf4ee5d72b937e4bbcdc58e8cae"

[[projects]]
  digest = "1:7130f8ac846f5f8ae39bac0949020d40dc7a1d5629b1173f950269dc9b195905"
  name = "github.com/gin-gonic/gin"
  packages = [
    ".",
    "binding",
    "json",
    "render",
  ]
  pruneopts = "NT"
  revision = "b869fe1415e4b9eb52f247441830d502aece2d4d"
  version = "v1.3.0"

[[projects]]
  digest = "1:4bd35ef7277f7dd4c1bf2bc95ea5c8ca5638de76ad99a0f57faefc6c25a25b5f"
  name = "github.com/golang/dep"
  packages = [
    ".",
    "gps",
    "gps/internal/pb",
    "gps/paths",
    "gps/pkgtree",
    "gps/verify",
    "internal/feedback",
    "internal/fs",
    "internal/importers",
    "internal/importers/base",
    "internal/importers/glide",
    "internal/importers/glock",
    "internal/importers/godep",
    "internal/importers/govend",
    "internal/importers/govendor",
    "internal/importers/gvt",
    "internal/importers/importertest",
    "internal/importers/vndr",
    "internal/test",
    "internal/test/integration",
  ]
  pruneopts = "NT"
  revision = "224a564abe296670b692fe08bb63a3e4c4ad7978"
  version = "v0.5.0"

[[projects]]
  digest = "1:d7cb4458ea8782e6efacd8f4940796ec559c90833509c436f40c4085b98156dd"
  name = "github.com/golang/protobuf"
  packages = ["proto"]
  pruneopts = "NT"
  revision = "aa810b61a9c79d51363740d207bb46cf8e620ed5"
  version = "v1.2.0"

[[projects]]
  branch = "master"
  digest = "1:7cd9c21b02824cf5f94c048e527c6a61a135457db1e727ca82fd422ac32ffdb3"
  name = "github.com/google/subcommands"
  packages = ["."]
  pruneopts = "NT"
  revision = "5bae204cdfb2d92dcc333d56014bae6a2f6c58b1"

[[projects]]
  digest = "1:9f75459d53ee268fed67b3cb78c01c94a93eeff47ab43d8b7eee83aa0a249053"
  name = "github.com/jmank88/nuts"
  packages = ["."]
  pruneopts = "NT"
  revision = "8b28145dffc87104e66d074f62ea8080edfad7c8"
  version = "v0.3.0"

[[projects]]
  digest = "1:1d39c063244ad17c4b18e8da1551163b6ffb52bd1640a49a8ec5c3b7bf4dbd5d"
  name = "github.com/json-iterator/go"
  packages = ["."]
  pruneopts = "NT"
  revision = "1624edc4454b8682399def8740d46db5e4362ba4"
  version = "v1.1.5"

[[projects]]
  digest = "1:4059c14e87a2de3a434430340521b5feece186c1469eff0834c29a63870de3ed"
  name = "github.com/konsorten/go-windows-terminal-sequences"
  packages = ["."]
  pruneopts = "NT"
  revision = "5c8c8bd35d3832f5d134ae1e1e375b69a4d25242"
  version = "v1.0.1"

[[projects]]
  digest = "1:bffa444ca07c69c599ae5876bc18b25bfd5fa85b297ca10a25594d284a7e9c5d"
  name = "github.com/mattn/go-isatty"
  packages = ["."]
  pruneopts = "NT"
  revision = "6ca4dbf54d38eea1a992b3c722a76a5d1c4cb25c"
  version = "v0.0.4"

[[projects]]
  digest = "1:2f42fa12d6911c7b7659738758631bec870b7e9b4c6be5444f963cdcfccc191f"
  name = "github.com/modern-go/concurrent"
  packages = ["."]
  pruneopts = "NT"
  revision = "bacd9c7ef1dd9b15be4a9909b8ac7a4e313eec94"
  version = "1.0.3"

[[projects]]
  digest = "1:c6aca19413b13dc59c220ad7430329e2ec454cc310bc6d8de2c7e2b93c18a0f6"
  name = "github.com/modern-go/reflect2"
  packages = ["."]
  pruneopts = "NT"
  revision = "4b7aa43c6742a2c18fdef89dd197aaae7dac7ccd"
  version = "1.0.1"

[[projects]]
  branch = "master"
  digest = "1:26217ee135b8157549e648efe97dff3282e4bd597a912d784db964df41067f29"
  name = "github.com/nightlyone/lockfile"
  packages = ["."]
  pruneopts = "NT"
  revision = "0ad87eef1443f64d3d8c50da647e2b1552851124"

[[projects]]
  branch = "master"
  digest = "1:a9c9c350ae298eb1cc8d92c7e18f39e2e816127ca540f96b5c9dc6f1ffbc05ab"
  name = "github.com/oliveagle/jsonpath"
  packages = ["."]
  pruneopts = "NT"
  revision = "2e52cf6e685269ed8aefec6390f3cac3ef74e730"

[[projects]]
  digest = "1:1a6e99fe61e963dce0dd87a0856fcfcc1c286db3eba388dd77335aa4ac5623b3"
  name = "github.com/pelletier/go-toml"
  packages = ["."]
  pruneopts = "NT"
  revision = "c01d1270ff3e442a8a57cddc1c92dc1138598194"
  version = "v1.2.0"

[[projects]]
  digest = "1:5cf3f025cbee5951a4ee961de067c8a89fc95a5adabead774f82822efabab121"
  name = "github.com/pkg/errors"
  packages = ["."]
  pruneopts = "NT"
  revision = "645ef00459ed84a119197bfb8d8205042c6df63d"
  version = "v0.8.0"

[[projects]]
  digest = "1:0028cb19b2e4c3112225cd871870f2d9cf49b9b4276531f03438a88e94be86fe"
  name = "github.com/pmezard/go-difflib"
  packages = ["difflib"]
  pruneopts = "NT"
  revision = "792786c7400a136282c1664665ae0a8db921c6c2"
  version = "v1.0.0"

[[projects]]
  branch = "master"
  digest = "1:abb4b60c28323cde32c193ce6083bb600fac462d1780cf83461b4c23ed5ce904"
  name = "github.com/sdboyer/constext"
  packages = ["."]
  pruneopts = "NT"
  revision = "836a144573533ea4da4e6929c235fd348aed1c80"

[[projects]]
  digest = "1:2261fa5d64c3c09a759ff70caee6a1895336c9f5ad6bcaa80420fec9baf35b66"
  name = "github.com/sirupsen/logrus"
  packages = ["."]
  pruneopts = "NT"
  revision = "ad15b42461921f1fb3529b058c6786c6a45d5162"
  version = "v1.1.1"

[[projects]]
  digest = "1:2a7c79c506479dc73c0100982a40bacc89e06d96dc458eb41c9b6aa44d9e0b6d"
  name = "github.com/spf13/afero"
  packages = [
    ".",
    "mem",
  ]
  pruneopts = "NT"
  revision = "d40851caa0d747393da1ffb28f7f9d8b4eeffebd"
  version = "v1.1.2"

[[projects]]
  digest = "1:4af061277c04a7660e082acc2020f4c66d2c21dfc62e0242ffa1d2120cdfb4ec"
  name = "github.com/stretchr/testify"
  packages = ["assert"]
  pruneopts = "NT"
  revision = "f35b8ab0b5a2cef36673838d662e249dd9c94686"
  version = "v1.2.2"

[[projects]]
  digest = "1:582b34d89d54771df9ed45d2c7122c67c852a35765b4403b674acb1283185c04"
  name = "github.com/ugorji/go"
  packages = ["codec"]
  pruneopts = "NT"
  revision = "b4c50a2b199d93b13dc15e78929cfb23bfdf21ab"
  version = "v1.1.1"

[[projects]]
  branch = "master"
  digest = "1:0fe0b5bffe8f1590a54f5a6e86123a264c0c86a1791a3284cfecf9e1e0b425ba"
  name = "golang.org/x/crypto"
  packages = ["ssh/terminal"]
  pruneopts = "NT"
  revision = "7c1a557ab941a71c619514f229f0b27ccb0c27cf"

[[projects]]
  branch = "master"
  digest = "1:b1ce7336fab6feaaab15427024ba61887424bcd3c23ad9c822279d5e5f8ed134"
  name = "golang.org/x/net"
  packages = ["context"]
  pruneopts = "NT"
  revision = "146acd28ed5894421fb5aac80ca93bc1b1f46f87"

[[projects]]
  branch = "master"
  digest = "1:d5232b5c5e1425c230341244f1eef85b460b3313625db355dde0eed57626189f"
  name = "golang.org/x/sync"
  packages = ["errgroup"]
  pruneopts = "NT"
  revision = "1d60e4601c6fd243af51cc01ddf169918a5407ca"

[[projects]]
  branch = "master"
  digest = "1:7ca8a3daddbd64bb2cf0bfc621aa0aa12c3a694ace1a0493bf41feaf25d538d9"
  name = "golang.org/x/sys"
  packages = [
    "unix",
    "windows",
  ]
  pruneopts = "NT"
  revision = "4497e2df6f9e69048a54498c7affbbec3294ad47"

[[projects]]
  digest = "1:8c74f97396ed63cc2ef04ebb5fc37bb032871b8fd890a25991ed40974b00cd2a"
  name = "golang.org/x/text"
  packages = [
    "internal/gen",
    "internal/triegen",
    "internal/ucd",
    "transform",
    "unicode/cldr",
    "unicode/norm",
  ]
  pruneopts = "NT"
  revision = "f21a4dfb5e38f5895301dc265a8def02365cc3d0"
  version = "v0.3.0"

[[projects]]
  digest = "1:d595a6ccf3d2d734bfb0f9ab0bd689d81715cd2c72469ebca21680d8f51b3363"
  name = "gopkg.in/go-playground/validator.v8"
  packages = ["."]
  pruneopts = "NT"
  revision = "5f1438d3fca68893a817e4a66806cea46a9e4ebf"
  version = "v8.18.2"

[[projects]]
  branch = "v2"
  digest = "1:1ab6db2d2bd353449c5d1e976ba7a92a0ece6e83aaab3e6674f8f2f1faebb85a"
  name = "gopkg.in/validator.v2"
  packages = ["."]
  pruneopts = "NT"
  revision = "135c24b11c19e52befcae2ec3fca5d9b78c4e98e"

[[projects]]
  digest = "1:7c95b35057a0ff2e19f707173cc1a947fa43a6eb5c4d300d196ece0334046082"
  name = "gopkg.in/yaml.v2"
  packages = ["."]
  pruneopts = "NT"
  revision = "5420a8b6744d3b0345ab293f6fcba19c978f1183"
  version = "v2.2.1"

[solve-meta]
  analyzer-name = "dep"
  analyzer-version = 1
  input-imports = [
    "github.com/Masterminds/semver",
    "github.com/Masterminds/vcs",
    "github.com/armon/go-radix",
    "github.com/boltdb/bolt",
    "github.com/fatih/structs",
    "github.com/gin-gonic/gin",
    "github.com/golang/dep",
    "github.com/golang/dep/gps",
    "github.com/golang/dep/gps/internal/pb",
    "github.com/golang/dep/gps/paths",
    "github.com/golang/dep/gps/pkgtree",
    "github.com/golang/dep/gps/verify",
    "github.com/golang/dep/internal/feedback",
    "github.com/golang/dep/internal/fs",
    "github.com/golang/dep/internal/importers",
    "github.com/golang/dep/internal/importers/base",
    "github.com/golang/dep/internal/importers/glide",
    "github.com/golang/dep/internal/importers/glock",
    "github.com/golang/dep/internal/importers/godep",
    "github.com/golang/dep/internal/importers/govend",
    "github.com/golang/dep/internal/importers/govendor",
    "github.com/golang/dep/internal/importers/gvt",
    "github.com/golang/dep/internal/importers/importertest",
    "github.com/golang/dep/internal/importers/vndr",
    "github.com/golang/dep/internal/test",
    "github.com/golang/dep/internal/test/integration",
    "github.com/golang/protobuf/proto",
    "github.com/google/subcommands",
    "github.com/jmank88/nuts",
    "github.com/nightlyone/lockfile",
    "github.com/oliveagle/jsonpath",
    "github.com/pelletier/go-toml",
    "github.com/pkg/errors",
    "github.com/sdboyer/constext",
    "github.com/sirupsen/logrus",
    "github.com/spf13/afero",
    "github.com/stretchr/testify/assert",
    "golang.org/x/sync/errgroup",
    "gopkg.in/validator.v2",
    "gopkg.in/yaml.v2",
  ]
  solver-name = "gps-cdcl"
  solver-version = 1
